
Microsoft Visual Studio Solution File, Format Version 12.00
# Visual Studio Version 16
VisualStudioVersion = 16.6.30114.105
MinimumVisualStudioVersion = 10.0.40219.1
Project("{FAE04EC0-301F-11D3-BF4B-00C04F79EFBC}") = "Site.Core", "Site.Core\Site.Core.csproj", "{57E5FA8E-F6D8-4843-97F9-4E8D0850B3EC}"
EndProject
Project("{FAE04EC0-301F-11D3-BF4B-00C04F79EFBC}") = "Site.Web", "Site.Web\Site.Web.csproj", "{98A03320-06A6-4848-B805-C0860831DF81}"
EndProject
Global
	GlobalSection(SolutionConfigurationPlatforms) = preSolution
		Debug|Any CPU = Debug|Any CPU
		Debug|x64 = Debug|x64
		Debug|x86 = Debug|x86
		Release|Any CPU = Release|Any CPU
		Release|x64 = Release|x64
		Release|x86 = Release|x86
	EndGlobalSection
	GlobalSection(SolutionProperties) = preSolution
		HideSolutionNode = FALSE
	EndGlobalSection
	GlobalSection(ProjectConfigurationPlatforms) = postSolution
		{57E5FA8E-F6D8-4843-97F9-4E8D0850B3EC}.Debug|Any CPU.ActiveCfg = Debug|Any CPU
		{57E5FA8E-F6D8-4843-97F9-4E8D0850B3EC}.Debug|Any CPU.Build.0 = Debug|Any CPU
		{57E5FA8E-F6D8-4843-97F9-4E8D0850B3EC}.Debug|x64.ActiveCfg = Debug|Any CPU
		{57E5FA8E-F6D8-4843-97F9-4E8D0850B3EC}.Debug|x64.Build.0 = Debug|Any CPU
		{57E5FA8E-F6D8-4843-97F9-4E8D0850B3EC}.Debug|x86.ActiveCfg = Debug|Any CPU
		{57E5FA8E-F6D8-4843-97F9-4E8D0850B3EC}.Debug|x86.Build.0 = Debug|Any CPU
		{57E5FA8E-F6D8-4843-97F9-4E8D0850B3EC}.Release|Any CPU.ActiveCfg = Release|Any CPU
		{57E5FA8E-F6D8-4843-97F9-4E8D0850B3EC}.Release|Any CPU.Build.0 = Release|Any CPU
		{57E5FA8E-F6D8-4843-97F9-4E8D0850B3EC}.Release|x64.ActiveCfg = Release|Any CPU
		{57E5FA8E-F6D8-4843-97F9-4E8D0850B3EC}.Release|x64.Build.0 = Release|Any CPU
		{57E5FA8E-F6D8-4843-97F9-4E8D0850B3EC}.Release|x86.ActiveCfg = Release|Any CPU
		{57E5FA8E-F6D8-4843-97F9-4E8D0850B3EC}.Release|x86.Build.0 = Release|Any CPU
		{98A03320-06A6-4848-B805-C0860831DF81}.Debug|Any CPU.ActiveCfg = Debug|Any CPU
		{98A03320-06A6-4848-B805-C0860831DF81}.Debug|Any CPU.Build.0 = Debug|Any CPU
		{98A03320-06A6-4848-B805-C0860831DF81}.Debug|x64.ActiveCfg = Debug|Any CPU
		{98A03320-06A6-4848-B805-C0860831DF81}.Debug|x64.Build.0 = Debug|Any CPU
		{98A03320-06A6-4848-B805-C0860831DF81}.Debug|x86.ActiveCfg = Debug|Any CPU
		{98A03320-06A6-4848-B805-C0860831DF81}.Debug|x86.Build.0 = Debug|Any CPU
		{98A03320-06A6-4848-B805-C0860831DF81}.Release|Any CPU.ActiveCfg = Release|Any CPU
		{98A03320-06A6-4848-B805-C0860831DF81}.Release|Any CPU.Build.0 = Release|Any CPU
		{98A03320-06A6-4848-B805-C0860831DF81}.Release|x64.ActiveCfg = Release|Any CPU
		{98A03320-06A6-4848-B805-C0860831DF81}.Release|x64.Build.0 = Release|Any CPU
		{98A03320-06A6-4848-B805-C0860831DF81}.Release|x86.ActiveCfg = Release|Any CPU
		{98A03320-06A6-4848-B805-C0860831DF81}.Release|x86.Build.0 = Release|Any CPU
	EndGlobalSection
EndGlobal
